github.com/deliveryhero/pipeline v1.0.0 h1:Le+s0kCQdTzpPlkkRE17jtD+b1NsTWCEcIl77RORuxo=
github.com/deliveryhero/pipeline v1.0.0/go.mod h1:78CQfQT2DONSGPktr7X71xu333ZMPdrcYuV/gY/Mnkg=
github.com/deliveryhero/pipeline/v2 v2.2.0 h1:l9F+e4Q3qMu0zw7fi0JVg2FilgnGyohnwJ5d1oBqoYs=
github.com/deliveryhero/pipeline/v2 v2.2.0/go.mod h1:GghgCAlOoG8IdwybJpe2E3LBTuR+o5wgTdm0kPv3GPU=
